
Microsoft Visual Studio Solution File, Format Version 12.00
# Visual Studio 15
VisualStudioVersion = 15.0.26430.16
MinimumVisualStudioVersion = 10.0.40219.1
Project("{FAE04EC0-301F-11D3-BF4B-00C04F79EFBC}") = "Uvodni", "ConsoleApp1\Uvodni.csproj", "{31F30331-D9D7-4529-9C4C-B096F2654F21}"
EndProject
Project("{FAE04EC0-301F-11D3-BF4B-00C04F79EFBC}") = "Zbroj", "Zbroj\Zbroj.csproj", "{16DC916F-8D5B-491A-9732-C87EBABA0DB7}"
EndProject
Project("{2150E333-8FDC-42A3-9474-1A3956D46DE8}") = "4.1_Uvod", "4.1_Uvod", "{E1B23A10-0D0C-443B-ABEF-C286F1183DC7}"
EndProject
Project("{FAE04EC0-301F-11D3-BF4B-00C04F79EFBC}") = "Hello", "Hello\Hello.csproj", "{A5578C90-030A-4546-BC38-D35F8B6A10AA}"
EndProject
Project("{FAE04EC0-301F-11D3-BF4B-00C04F79EFBC}") = "Ispis brojeva", "Ispis brojeva\Ispis brojeva.csproj", "{FCC34C2A-27C6-4172-B677-DDAC7C73139A}"
EndProject
Project("{FAE04EC0-301F-11D3-BF4B-00C04F79EFBC}") = "Ispis ledišta i vrelišta vode", "Ispis ledišta i vrelišta vode\Ispis ledišta i vrelišta vode.csproj", "{40126194-2D84-4257-8C31-1330623C0157}"
EndProject
Project("{2150E333-8FDC-42A3-9474-1A3956D46DE8}") = "5.1_varijable", "5.1_varijable", "{1B530489-3238-4513-BB74-6053605788FB}"
EndProject
Project("{FAE04EC0-301F-11D3-BF4B-00C04F79EFBC}") = "zbroj_razlika", "zbroj_razlika\zbroj_razlika.csproj", "{F0D62BEC-9073-47F3-8AD1-23B6D9634345}"
EndProject
Project("{2150E333-8FDC-42A3-9474-1A3956D46DE8}") = "5.2_uvjetno_grananje", "5.2_uvjetno_grananje", "{5E72E68F-4BC2-4DBA-B701-49E17262E46B}"
EndProject
Project("{FAE04EC0-301F-11D3-BF4B-00C04F79EFBC}") = "Prirucnik", "Prirucnik\Prirucnik.csproj", "{C6506E57-CDB6-441B-A8C2-2C0D707B875A}"
EndProject
Project("{FAE04EC0-301F-11D3-BF4B-00C04F79EFBC}") = "primjer_5.2.1.2_pozitivan", "primjer_5.2.1.2_pozitivan\primjer_5.2.1.2_pozitivan.csproj", "{7137DA15-4DFA-4A19-B239-FE7FA6513E28}"
EndProject
Project("{FAE04EC0-301F-11D3-BF4B-00C04F79EFBC}") = "primjer_5.2.2 switch", "primjer_5.2.2 switch\primjer_5.2.2 switch.csproj", "{35560A68-72FD-49B1-A166-8CFFC2D78E0B}"
EndProject
Project("{FAE04EC0-301F-11D3-BF4B-00C04F79EFBC}") = "5.2.3.exception primjer", "5.2.3.exception primjer\5.2.3.exception primjer.csproj", "{635DF3BC-FA2A-4693-8D3E-9FC8CDAC1EA3}"
EndProject
Project("{2150E333-8FDC-42A3-9474-1A3956D46DE8}") = "5.2.4.2_ime", "5.2.4.2_ime", "{A7F78673-7F4F-4CA5-80ED-AD2D379CCDB3}"
EndProject
Project("{FAE04EC0-301F-11D3-BF4B-00C04F79EFBC}") = "5.2.4.2.imena", "5.2.4.2.imena\5.2.4.2.imena.csproj", "{B2AE0E19-85DF-4295-8E74-DF803AF1E703}"
EndProject
Project("{2150E333-8FDC-42A3-9474-1A3956D46DE8}") = "5.2.4.3. skola", "5.2.4.3. skola", "{C2EBE789-1A27-4CAD-81C0-7A0C27294FAF}"
EndProject
Project("{FAE04EC0-301F-11D3-BF4B-00C04F79EFBC}") = "5.2.4.3_skole", "5.2.4.3_skole\5.2.4.3_skole.csproj", "{F9846825-C869-4FA2-9B1C-44133B514952}"
EndProject
Project("{2150E333-8FDC-42A3-9474-1A3956D46DE8}") = "5.2.5.ostatak", "5.2.5.ostatak", "{491F847D-2BA6-4B72-B989-6990D6120843}"
EndProject
Project("{FAE04EC0-301F-11D3-BF4B-00C04F79EFBC}") = "5.2.5_ostatak", "5.2.5_ostatak\5.2.5_ostatak.csproj", "{F9A97511-C365-4813-A171-4AA392E5606C}"
EndProject
Project("{2150E333-8FDC-42A3-9474-1A3956D46DE8}") = "5.2.3_velik_broj", "5.2.3_velik_broj", "{3FAC7B04-7FDF-48D3-9FFC-4DBACD27DA57}"
EndProject
Project("{FAE04EC0-301F-11D3-BF4B-00C04F79EFBC}") = "5.2.3.Velik Broj", "5.2.3.Velik Broj\5.2.3.Velik Broj.csproj", "{54DCEC88-DB07-44F8-8FC7-CE6B8289D515}"
EndProject
Project("{2150E333-8FDC-42A3-9474-1A3956D46DE8}") = "5.2.4_znamenkasti_broj", "5.2.4_znamenkasti_broj", "{5F2A1AA7-5A1D-4E02-8445-576DDC56CBF3}"
EndProject
Project("{FAE04EC0-301F-11D3-BF4B-00C04F79EFBC}") = "5.2.4.znamenkasti_broj", "5.2.4.znamenkasti_broj\5.2.4.znamenkasti_broj.csproj", "{9F3BB79E-F6E3-4F5F-AE54-A00F4323ED7A}"
EndProject
Project("{2150E333-8FDC-42A3-9474-1A3956D46DE8}") = "5.2.5_u_intervalu", "5.2.5_u_intervalu", "{3F756223-CE05-4793-9F5E-784729974204}"
EndProject
Project("{FAE04EC0-301F-11D3-BF4B-00C04F79EFBC}") = "5.2.5.u.intervalu", "5.2.5.u.intervalu\5.2.5.u.intervalu.csproj", "{BCBBFF15-010A-4A13-9A4B-E2B1DD371A9E}"
EndProject
Project("{2150E333-8FDC-42A3-9474-1A3956D46DE8}") = "5.2.6_Dobar broj 1", "5.2.6_Dobar broj 1", "{CEFACCDE-80F6-4517-A10F-E523CBA83BB2}"
EndProject
Project("{FAE04EC0-301F-11D3-BF4B-00C04F79EFBC}") = "5.2.6.dobar_broj_1", "5.2.6.dobar_broj_1\5.2.6.dobar_broj_1.csproj", "{75BA128D-EB7C-405B-8AE5-7114D36CAE19}"
EndProject
Global
	GlobalSection(SolutionConfigurationPlatforms) = preSolution
		Debug|Any CPU = Debug|Any CPU
		Release|Any CPU = Release|Any CPU
	EndGlobalSection
	GlobalSection(ProjectConfigurationPlatforms) = postSolution
		{31F30331-D9D7-4529-9C4C-B096F2654F21}.Debug|Any CPU.ActiveCfg = Debug|Any CPU
		{31F30331-D9D7-4529-9C4C-B096F2654F21}.Debug|Any CPU.Build.0 = Debug|Any CPU
		{31F30331-D9D7-4529-9C4C-B096F2654F21}.Release|Any CPU.ActiveCfg = Release|Any CPU
		{31F30331-D9D7-4529-9C4C-B096F2654F21}.Release|Any CPU.Build.0 = Release|Any CPU
		{16DC916F-8D5B-491A-9732-C87EBABA0DB7}.Debug|Any CPU.ActiveCfg = Debug|Any CPU
		{16DC916F-8D5B-491A-9732-C87EBABA0DB7}.Debug|Any CPU.Build.0 = Debug|Any CPU
		{16DC916F-8D5B-491A-9732-C87EBABA0DB7}.Release|Any CPU.ActiveCfg = Release|Any CPU
		{16DC916F-8D5B-491A-9732-C87EBABA0DB7}.Release|Any CPU.Build.0 = Release|Any CPU
		{A5578C90-030A-4546-BC38-D35F8B6A10AA}.Debug|Any CPU.ActiveCfg = Debug|Any CPU
		{A5578C90-030A-4546-BC38-D35F8B6A10AA}.Debug|Any CPU.Build.0 = Debug|Any CPU
		{A5578C90-030A-4546-BC38-D35F8B6A10AA}.Release|Any CPU.ActiveCfg = Release|Any CPU
		{A5578C90-030A-4546-BC38-D35F8B6A10AA}.Release|Any CPU.Build.0 = Release|Any CPU
		{FCC34C2A-27C6-4172-B677-DDAC7C73139A}.Debug|Any CPU.ActiveCfg = Debug|Any CPU
		{FCC34C2A-27C6-4172-B677-DDAC7C73139A}.Debug|Any CPU.Build.0 = Debug|Any CPU
		{FCC34C2A-27C6-4172-B677-DDAC7C73139A}.Release|Any CPU.ActiveCfg = Release|Any CPU
		{FCC34C2A-27C6-4172-B677-DDAC7C73139A}.Release|Any CPU.Build.0 = Release|Any CPU
		{40126194-2D84-4257-8C31-1330623C0157}.Debug|Any CPU.ActiveCfg = Debug|Any CPU
		{40126194-2D84-4257-8C31-1330623C0157}.Debug|Any CPU.Build.0 = Debug|Any CPU
		{40126194-2D84-4257-8C31-1330623C0157}.Release|Any CPU.ActiveCfg = Release|Any CPU
		{40126194-2D84-4257-8C31-1330623C0157}.Release|Any CPU.Build.0 = Release|Any CPU
		{F0D62BEC-9073-47F3-8AD1-23B6D9634345}.Debug|Any CPU.ActiveCfg = Debug|Any CPU
		{F0D62BEC-9073-47F3-8AD1-23B6D9634345}.Debug|Any CPU.Build.0 = Debug|Any CPU
		{F0D62BEC-9073-47F3-8AD1-23B6D9634345}.Release|Any CPU.ActiveCfg = Release|Any CPU
		{F0D62BEC-9073-47F3-8AD1-23B6D9634345}.Release|Any CPU.Build.0 = Release|Any CPU
		{C6506E57-CDB6-441B-A8C2-2C0D707B875A}.Debug|Any CPU.ActiveCfg = Debug|Any CPU
		{C6506E57-CDB6-441B-A8C2-2C0D707B875A}.Debug|Any CPU.Build.0 = Debug|Any CPU
		{C6506E57-CDB6-441B-A8C2-2C0D707B875A}.Release|Any CPU.ActiveCfg = Release|Any CPU
		{C6506E57-CDB6-441B-A8C2-2C0D707B875A}.Release|Any CPU.Build.0 = Release|Any CPU
		{7137DA15-4DFA-4A19-B239-FE7FA6513E28}.Debug|Any CPU.ActiveCfg = Debug|Any CPU
		{7137DA15-4DFA-4A19-B239-FE7FA6513E28}.Debug|Any CPU.Build.0 = Debug|Any CPU
		{7137DA15-4DFA-4A19-B239-FE7FA6513E28}.Release|Any CPU.ActiveCfg = Release|Any CPU
		{7137DA15-4DFA-4A19-B239-FE7FA6513E28}.Release|Any CPU.Build.0 = Release|Any CPU
		{35560A68-72FD-49B1-A166-8CFFC2D78E0B}.Debug|Any CPU.ActiveCfg = Debug|Any CPU
		{35560A68-72FD-49B1-A166-8CFFC2D78E0B}.Debug|Any CPU.Build.0 = Debug|Any CPU
		{35560A68-72FD-49B1-A166-8CFFC2D78E0B}.Release|Any CPU.ActiveCfg = Release|Any CPU
		{35560A68-72FD-49B1-A166-8CFFC2D78E0B}.Release|Any CPU.Build.0 = Release|Any CPU
		{635DF3BC-FA2A-4693-8D3E-9FC8CDAC1EA3}.Debug|Any CPU.ActiveCfg = Debug|Any CPU
		{635DF3BC-FA2A-4693-8D3E-9FC8CDAC1EA3}.Debug|Any CPU.Build.0 = Debug|Any CPU
		{635DF3BC-FA2A-4693-8D3E-9FC8CDAC1EA3}.Release|Any CPU.ActiveCfg = Release|Any CPU
		{635DF3BC-FA2A-4693-8D3E-9FC8CDAC1EA3}.Release|Any CPU.Build.0 = Release|Any CPU
		{B2AE0E19-85DF-4295-8E74-DF803AF1E703}.Debug|Any CPU.ActiveCfg = Debug|Any CPU
		{B2AE0E19-85DF-4295-8E74-DF803AF1E703}.Debug|Any CPU.Build.0 = Debug|Any CPU
		{B2AE0E19-85DF-4295-8E74-DF803AF1E703}.Release|Any CPU.ActiveCfg = Release|Any CPU
		{B2AE0E19-85DF-4295-8E74-DF803AF1E703}.Release|Any CPU.Build.0 = Release|Any CPU
		{F9846825-C869-4FA2-9B1C-44133B514952}.Debug|Any CPU.ActiveCfg = Debug|Any CPU
		{F9846825-C869-4FA2-9B1C-44133B514952}.Debug|Any CPU.Build.0 = Debug|Any CPU
		{F9846825-C869-4FA2-9B1C-44133B514952}.Release|Any CPU.ActiveCfg = Release|Any CPU
		{F9846825-C869-4FA2-9B1C-44133B514952}.Release|Any CPU.Build.0 = Release|Any CPU
		{F9A97511-C365-4813-A171-4AA392E5606C}.Debug|Any CPU.ActiveCfg = Debug|Any CPU
		{F9A97511-C365-4813-A171-4AA392E5606C}.Debug|Any CPU.Build.0 = Debug|Any CPU
		{F9A97511-C365-4813-A171-4AA392E5606C}.Release|Any CPU.ActiveCfg = Release|Any CPU
		{F9A97511-C365-4813-A171-4AA392E5606C}.Release|Any CPU.Build.0 = Release|Any CPU
		{54DCEC88-DB07-44F8-8FC7-CE6B8289D515}.Debug|Any CPU.ActiveCfg = Debug|Any CPU
		{54DCEC88-DB07-44F8-8FC7-CE6B8289D515}.Debug|Any CPU.Build.0 = Debug|Any CPU
		{54DCEC88-DB07-44F8-8FC7-CE6B8289D515}.Release|Any CPU.ActiveCfg = Release|Any CPU
		{54DCEC88-DB07-44F8-8FC7-CE6B8289D515}.Release|Any CPU.Build.0 = Release|Any CPU
		{9F3BB79E-F6E3-4F5F-AE54-A00F4323ED7A}.Debug|Any CPU.ActiveCfg = Debug|Any CPU
		{9F3BB79E-F6E3-4F5F-AE54-A00F4323ED7A}.Debug|Any CPU.Build.0 = Debug|Any CPU
		{9F3BB79E-F6E3-4F5F-AE54-A00F4323ED7A}.Release|Any CPU.ActiveCfg = Release|Any CPU
		{9F3BB79E-F6E3-4F5F-AE54-A00F4323ED7A}.Release|Any CPU.Build.0 = Release|Any CPU
		{BCBBFF15-010A-4A13-9A4B-E2B1DD371A9E}.Debug|Any CPU.ActiveCfg = Debug|Any CPU
		{BCBBFF15-010A-4A13-9A4B-E2B1DD371A9E}.Debug|Any CPU.Build.0 = Debug|Any CPU
		{BCBBFF15-010A-4A13-9A4B-E2B1DD371A9E}.Release|Any CPU.ActiveCfg = Release|Any CPU
		{BCBBFF15-010A-4A13-9A4B-E2B1DD371A9E}.Release|Any CPU.Build.0 = Release|Any CPU
		{75BA128D-EB7C-405B-8AE5-7114D36CAE19}.Debug|Any CPU.ActiveCfg = Debug|Any CPU
		{75BA128D-EB7C-405B-8AE5-7114D36CAE19}.Debug|Any CPU.Build.0 = Debug|Any CPU
		{75BA128D-EB7C-405B-8AE5-7114D36CAE19}.Release|Any CPU.ActiveCfg = Release|Any CPU
		{75BA128D-EB7C-405B-8AE5-7114D36CAE19}.Release|Any CPU.Build.0 = Release|Any CPU
	EndGlobalSection
	GlobalSection(SolutionProperties) = preSolution
		HideSolutionNode = FALSE
	EndGlobalSection
	GlobalSection(NestedProjects) = preSolution
		{A5578C90-030A-4546-BC38-D35F8B6A10AA} = {E1B23A10-0D0C-443B-ABEF-C286F1183DC7}
		{FCC34C2A-27C6-4172-B677-DDAC7C73139A} = {E1B23A10-0D0C-443B-ABEF-C286F1183DC7}
		{40126194-2D84-4257-8C31-1330623C0157} = {E1B23A10-0D0C-443B-ABEF-C286F1183DC7}
		{F0D62BEC-9073-47F3-8AD1-23B6D9634345} = {1B530489-3238-4513-BB74-6053605788FB}
		{C6506E57-CDB6-441B-A8C2-2C0D707B875A} = {5E72E68F-4BC2-4DBA-B701-49E17262E46B}
		{7137DA15-4DFA-4A19-B239-FE7FA6513E28} = {5E72E68F-4BC2-4DBA-B701-49E17262E46B}
		{35560A68-72FD-49B1-A166-8CFFC2D78E0B} = {5E72E68F-4BC2-4DBA-B701-49E17262E46B}
		{635DF3BC-FA2A-4693-8D3E-9FC8CDAC1EA3} = {5E72E68F-4BC2-4DBA-B701-49E17262E46B}
		{B2AE0E19-85DF-4295-8E74-DF803AF1E703} = {A7F78673-7F4F-4CA5-80ED-AD2D379CCDB3}
		{F9846825-C869-4FA2-9B1C-44133B514952} = {C2EBE789-1A27-4CAD-81C0-7A0C27294FAF}
		{F9A97511-C365-4813-A171-4AA392E5606C} = {491F847D-2BA6-4B72-B989-6990D6120843}
		{54DCEC88-DB07-44F8-8FC7-CE6B8289D515} = {3FAC7B04-7FDF-48D3-9FFC-4DBACD27DA57}
		{9F3BB79E-F6E3-4F5F-AE54-A00F4323ED7A} = {5F2A1AA7-5A1D-4E02-8445-576DDC56CBF3}
		{BCBBFF15-010A-4A13-9A4B-E2B1DD371A9E} = {3F756223-CE05-4793-9F5E-784729974204}
		{75BA128D-EB7C-405B-8AE5-7114D36CAE19} = {CEFACCDE-80F6-4517-A10F-E523CBA83BB2}
	EndGlobalSection
EndGlobal
