
Microsoft Visual Studio Solution File, Format Version 12.00
# Visual Studio 15
VisualStudioVersion = 15.0.26430.16
MinimumVisualStudioVersion = 10.0.40219.1
Project("{FAE04EC0-301F-11D3-BF4B-00C04F79EFBC}") = "Uvodni", "ConsoleApp1\Uvodni.csproj", "{31F30331-D9D7-4529-9C4C-B096F2654F21}"
EndProject
Project("{FAE04EC0-301F-11D3-BF4B-00C04F79EFBC}") = "Zbroj", "Zbroj\Zbroj.csproj", "{16DC916F-8D5B-491A-9732-C87EBABA0DB7}"
EndProject
Project("{2150E333-8FDC-42A3-9474-1A3956D46DE8}") = "4.1_Uvod", "4.1_Uvod", "{E1B23A10-0D0C-443B-ABEF-C286F1183DC7}"
EndProject
Project("{FAE04EC0-301F-11D3-BF4B-00C04F79EFBC}") = "Hello", "Hello\Hello.csproj", "{A5578C90-030A-4546-BC38-D35F8B6A10AA}"
EndProject
Project("{FAE04EC0-301F-11D3-BF4B-00C04F79EFBC}") = "Ispis brojeva", "Ispis brojeva\Ispis brojeva.csproj", "{FCC34C2A-27C6-4172-B677-DDAC7C73139A}"
EndProject
Project("{FAE04EC0-301F-11D3-BF4B-00C04F79EFBC}") = "Ispis ledišta i vrelišta vode", "Ispis ledišta i vrelišta vode\Ispis ledišta i vrelišta vode.csproj", "{40126194-2D84-4257-8C31-1330623C0157}"
EndProject
Project("{2150E333-8FDC-42A3-9474-1A3956D46DE8}") = "5.1_varijable", "5.1_varijable", "{1B530489-3238-4513-BB74-6053605788FB}"
EndProject
Project("{FAE04EC0-301F-11D3-BF4B-00C04F79EFBC}") = "zbroj_razlika", "zbroj_razlika\zbroj_razlika.csproj", "{F0D62BEC-9073-47F3-8AD1-23B6D9634345}"
EndProject
Project("{2150E333-8FDC-42A3-9474-1A3956D46DE8}") = "5.2_uvjetno_grananje", "5.2_uvjetno_grananje", "{5E72E68F-4BC2-4DBA-B701-49E17262E46B}"
EndProject
Project("{FAE04EC0-301F-11D3-BF4B-00C04F79EFBC}") = "Prirucnik", "Prirucnik\Prirucnik.csproj", "{C6506E57-CDB6-441B-A8C2-2C0D707B875A}"
EndProject
Project("{FAE04EC0-301F-11D3-BF4B-00C04F79EFBC}") = "primjer_5.2.1.2_pozitivan", "primjer_5.2.1.2_pozitivan\primjer_5.2.1.2_pozitivan.csproj", "{7137DA15-4DFA-4A19-B239-FE7FA6513E28}"
EndProject
Project("{FAE04EC0-301F-11D3-BF4B-00C04F79EFBC}") = "primjer_5.2.2 switch", "primjer_5.2.2 switch\primjer_5.2.2 switch.csproj", "{35560A68-72FD-49B1-A166-8CFFC2D78E0B}"
EndProject
Project("{FAE04EC0-301F-11D3-BF4B-00C04F79EFBC}") = "5.2.3.exception primjer", "5.2.3.exception primjer\5.2.3.exception primjer.csproj", "{635DF3BC-FA2A-4693-8D3E-9FC8CDAC1EA3}"
EndProject
Project("{2150E333-8FDC-42A3-9474-1A3956D46DE8}") = "5.2.4.2_ime", "5.2.4.2_ime", "{A7F78673-7F4F-4CA5-80ED-AD2D379CCDB3}"
EndProject
Project("{FAE04EC0-301F-11D3-BF4B-00C04F79EFBC}") = "5.2.4.2.imena", "5.2.4.2.imena\5.2.4.2.imena.csproj", "{B2AE0E19-85DF-4295-8E74-DF803AF1E703}"
EndProject
Project("{2150E333-8FDC-42A3-9474-1A3956D46DE8}") = "5.2.4.3. skola", "5.2.4.3. skola", "{C2EBE789-1A27-4CAD-81C0-7A0C27294FAF}"
EndProject
Project("{FAE04EC0-301F-11D3-BF4B-00C04F79EFBC}") = "5.2.4.3_skole", "5.2.4.3_skole\5.2.4.3_skole.csproj", "{F9846825-C869-4FA2-9B1C-44133B514952}"
EndProject
Project("{2150E333-8FDC-42A3-9474-1A3956D46DE8}") = "5.2.5.ostatak", "5.2.5.ostatak", "{491F847D-2BA6-4B72-B989-6990D6120843}"
EndProject
Project("{FAE04EC0-301F-11D3-BF4B-00C04F79EFBC}") = "5.2.5_ostatak", "5.2.5_ostatak\5.2.5_ostatak.csproj", "{F9A97511-C365-4813-A171-4AA392E5606C}"
EndProject
Project("{2150E333-8FDC-42A3-9474-1A3956D46DE8}") = "5.2.3_velik_broj", "5.2.3_velik_broj", "{3FAC7B04-7FDF-48D3-9FFC-4DBACD27DA57}"
EndProject
Project("{FAE04EC0-301F-11D3-BF4B-00C04F79EFBC}") = "5.2.3.Velik Broj", "5.2.3.Velik Broj\5.2.3.Velik Broj.csproj", "{54DCEC88-DB07-44F8-8FC7-CE6B8289D515}"
EndProject
Project("{2150E333-8FDC-42A3-9474-1A3956D46DE8}") = "5.2.4_znamenkasti_broj", "5.2.4_znamenkasti_broj", "{5F2A1AA7-5A1D-4E02-8445-576DDC56CBF3}"
EndProject
Project("{FAE04EC0-301F-11D3-BF4B-00C04F79EFBC}") = "5.2.4.znamenkasti_broj", "5.2.4.znamenkasti_broj\5.2.4.znamenkasti_broj.csproj", "{9F3BB79E-F6E3-4F5F-AE54-A00F4323ED7A}"
EndProject
Project("{2150E333-8FDC-42A3-9474-1A3956D46DE8}") = "5.2.5_u_intervalu", "5.2.5_u_intervalu", "{3F756223-CE05-4793-9F5E-784729974204}"
EndProject
Project("{FAE04EC0-301F-11D3-BF4B-00C04F79EFBC}") = "5.2.5.u.intervalu", "5.2.5.u.intervalu\5.2.5.u.intervalu.csproj", "{BCBBFF15-010A-4A13-9A4B-E2B1DD371A9E}"
EndProject
Project("{2150E333-8FDC-42A3-9474-1A3956D46DE8}") = "5.2.6_Dobar broj 1", "5.2.6_Dobar broj 1", "{CEFACCDE-80F6-4517-A10F-E523CBA83BB2}"
EndProject
Project("{FAE04EC0-301F-11D3-BF4B-00C04F79EFBC}") = "5.2.6.dobar_broj_1", "5.2.6.dobar_broj_1\5.2.6.dobar_broj_1.csproj", "{75BA128D-EB7C-405B-8AE5-7114D36CAE19}"
EndProject
Project("{2150E333-8FDC-42A3-9474-1A3956D46DE8}") = "5.2.7_dobar_broj_2", "5.2.7_dobar_broj_2", "{A6D464A9-A5E9-4D9A-842F-DC18B9FDB1B3}"
EndProject
Project("{FAE04EC0-301F-11D3-BF4B-00C04F79EFBC}") = "dobar_broj_2_5.2.7", "dobar_broj_2_5.2.7\dobar_broj_2_5.2.7.csproj", "{F389D4A7-9205-4661-AF56-4206D8B56360}"
EndProject
Project("{2150E333-8FDC-42A3-9474-1A3956D46DE8}") = "5.2.8_godina_prijestupna", "5.2.8_godina_prijestupna", "{01301B3B-2D8A-4B10-AC01-75DA675FE5EB}"
EndProject
Project("{FAE04EC0-301F-11D3-BF4B-00C04F79EFBC}") = "5.2.8_prijestupna_godina", "5.2.8_prijestupna_godina\5.2.8_prijestupna_godina.csproj", "{8BA8AB22-37D5-4D86-9DB8-FB115441BE6A}"
EndProject
Project("{2150E333-8FDC-42A3-9474-1A3956D46DE8}") = "5.2.9_paran_neparan_djeljiv_s_3", "5.2.9_paran_neparan_djeljiv_s_3", "{D38764FE-12F6-4035-8579-DF9B3E3F4D83}"
EndProject
Project("{FAE04EC0-301F-11D3-BF4B-00C04F79EFBC}") = "5.2.9_paran_neparan_i djeljiv_s 3", "5.2.9_paran_neparan_i djeljiv_s 3\5.2.9_paran_neparan_i djeljiv_s 3.csproj", "{89C77115-7B56-40CE-80C3-89929EEF9472}"
EndProject
Project("{2150E333-8FDC-42A3-9474-1A3956D46DE8}") = "5.3_Ciklicke_petlje", "5.3_Ciklicke_petlje", "{4A257C26-144A-4D7D-A305-0B4CC84C4E49}"
EndProject
Project("{FAE04EC0-301F-11D3-BF4B-00C04F79EFBC}") = "Petlje_primjeri", "Petlje_primjeri\Petlje_primjeri.csproj", "{433C3199-315A-4AF0-9F9D-D777204F5A1A}"
EndProject
Project("{2150E333-8FDC-42A3-9474-1A3956D46DE8}") = "5.3.1.1_primjer", "5.3.1.1_primjer", "{BF4E5197-93EF-4883-9379-35D17894D0B7}"
EndProject
Project("{FAE04EC0-301F-11D3-BF4B-00C04F79EFBC}") = "primjer_5.3.1.1", "primjer_5.3.1.1\primjer_5.3.1.1.csproj", "{9034F77B-1407-47D5-99F6-B485A8DD9C86}"
EndProject
Project("{2150E333-8FDC-42A3-9474-1A3956D46DE8}") = "5.3.1.3. prirucnik", "5.3.1.3. prirucnik", "{A7883B80-0771-44A4-9025-8DCC3B855238}"
EndProject
Project("{FAE04EC0-301F-11D3-BF4B-00C04F79EFBC}") = "prirucnik_5.3.1.3", "prirucnik_5.3.1.3\prirucnik_5.3.1.3.csproj", "{F39CB966-6361-4C4A-83B1-99A28DF1454A}"
EndProject
Project("{2150E333-8FDC-42A3-9474-1A3956D46DE8}") = "primjeri petlja_while", "primjeri petlja_while", "{5463EB23-D70D-4C1F-BF2B-FE09EBD16817}"
EndProject
Project("{FAE04EC0-301F-11D3-BF4B-00C04F79EFBC}") = "petlja_while", "petlja_while\petlja_while.csproj", "{F9BF279C-4005-4AE2-8438-2FE9EBEB9B5C}"
EndProject
Project("{2150E333-8FDC-42A3-9474-1A3956D46DE8}") = "zadatak_5.3.1.", "zadatak_5.3.1.", "{15043EA4-7108-4F54-AF7D-BCFDF4E8B111}"
EndProject
Project("{FAE04EC0-301F-11D3-BF4B-00C04F79EFBC}") = "neparni_brojevi_do_20", "neparni_brojevi_do_20\neparni_brojevi_do_20.csproj", "{514BE679-9BA4-46A3-9704-92C1289B2660}"
EndProject
Project("{FAE04EC0-301F-11D3-BF4B-00C04F79EFBC}") = "suma_prvih_100", "suma_prvih_100\suma_prvih_100.csproj", "{CD2672BC-FCFC-4A79-BCA6-E94B1818F636}"
EndProject
Project("{FAE04EC0-301F-11D3-BF4B-00C04F79EFBC}") = "5.3.4_faktorijel", "5.3.4_faktorijel\5.3.4_faktorijel.csproj", "{B67544FE-0CCE-4F18-ACF3-4F89880C742C}"
EndProject
Project("{FAE04EC0-301F-11D3-BF4B-00C04F79EFBC}") = "5.3.5_djeljiv s  3_exception", "5.3.5_djeljiv s  3\5.3.5_djeljiv s  3_exception.csproj", "{2016843B-FDC6-458D-A585-020A29542BA7}"
EndProject
Project("{FAE04EC0-301F-11D3-BF4B-00C04F79EFBC}") = "5.3.7_ispis_7-3", "5.3.7_ispis_7-3\5.3.7_ispis_7-3.csproj", "{DE0C6396-1817-4224-9F0B-921877895A02}"
EndProject
Project("{FAE04EC0-301F-11D3-BF4B-00C04F79EFBC}") = "5.3.9_djeljitelji", "5.3.9_djeljitelji\5.3.9_djeljitelji.csproj", "{D2BF8E76-85C0-41E9-8C35-079179FE5F01}"
EndProject
Project("{FAE04EC0-301F-11D3-BF4B-00C04F79EFBC}") = "5.3.11_savrseni_brojevi", "5.3.11_savrseni_brojevi\5.3.11_savrseni_brojevi.csproj", "{2A66FD81-B0A6-41F2-8072-B4544831D9A7}"
EndProject
Project("{FAE04EC0-301F-11D3-BF4B-00C04F79EFBC}") = "5.3.13_min_max_zadatak", "5.3.13_min_max_zadatak\5.3.13_min_max_zadatak.csproj", "{5456037E-51F2-4E11-8B10-29FE4068162E}"
EndProject
Project("{FAE04EC0-301F-11D3-BF4B-00C04F79EFBC}") = "5.3.15_unatrag_ispis", "5.3.15_unatrag_ispis\5.3.15_unatrag_ispis.csproj", "{495FE724-C1BF-45FB-BFB9-86E6656701B2}"
EndProject
Project("{FAE04EC0-301F-11D3-BF4B-00C04F79EFBC}") = "5.3.17_2_potencije", "5.3.17_2_potencije\5.3.17_2_potencije.csproj", "{A21BEB65-8D08-424A-A5A3-4F257C3E8C2E}"
EndProject
Project("{FAE04EC0-301F-11D3-BF4B-00C04F79EFBC}") = "5.3.19_zbroj_suma", "5.3.19_zbroj_suma\5.3.19_zbroj_suma.csproj", "{65965560-DDBD-44C8-9B1D-D6750A19D74F}"
EndProject
Project("{FAE04EC0-301F-11D3-BF4B-00C04F79EFBC}") = "5.3.21_uspjeh_završni", "5.3.21_uspjeh_završni\5.3.21_uspjeh_završni.csproj", "{36B7106E-03A6-4D74-84E0-1CEC2BE912D8}"
EndProject
Project("{2150E333-8FDC-42A3-9474-1A3956D46DE8}") = "domaca_zadaca_samo_parni", "domaca_zadaca_samo_parni", "{2F411532-6E0B-47A8-B75F-FFD0A81C7340}"
EndProject
Project("{FAE04EC0-301F-11D3-BF4B-00C04F79EFBC}") = "5.3.8_koliko_od_7_do_3", "5.3.8_koliko_od_7_do_3\5.3.8_koliko_od_7_do_3.csproj", "{45837E62-C9AC-4FF8-A378-0AD902D61E57}"
EndProject
Project("{FAE04EC0-301F-11D3-BF4B-00C04F79EFBC}") = "5.3.10_savrsen_nesavrsen_broj", "5.3.10_savrsen_nesavrsen_broj\5.3.10_savrsen_nesavrsen_broj.csproj", "{595868FD-5A38-4E19-9A5D-9AC957BF00B4}"
EndProject
Project("{FAE04EC0-301F-11D3-BF4B-00C04F79EFBC}") = "5.3.12_prosjek_suma", "5.3.12_prosjek_suma\5.3.12_prosjek_suma.csproj", "{9A267F47-0EAE-4B75-8700-56CF4C51AB09}"
EndProject
Project("{FAE04EC0-301F-11D3-BF4B-00C04F79EFBC}") = "5.3.14_brojevi_neparni", "5.3.14_brojevi_neparni\5.3.14_brojevi_neparni.csproj", "{88768B66-DEA2-4D3B-9B98-1BB56A22679D}"
EndProject
Project("{FAE04EC0-301F-11D3-BF4B-00C04F79EFBC}") = "5.3.16_potencije_broja_2", "5.3.16_potencije_broja_2\5.3.16_potencije_broja_2.csproj", "{38522803-DBC1-4BC7-B703-BCBD4B04591A}"
EndProject
Project("{FAE04EC0-301F-11D3-BF4B-00C04F79EFBC}") = "5.3.18_ocjene_unos", "5.3.18_ocjene_unos\5.3.18_ocjene_unos.csproj", "{76CFB205-F326-4B91-8254-D4D7FBC4F398}"
EndProject
Project("{FAE04EC0-301F-11D3-BF4B-00C04F79EFBC}") = "5.3.20_par_nepar_zadatak", "5.3.20_par_nepar_zadatak\5.3.20_par_nepar_zadatak.csproj", "{09E58963-1D86-4705-AEB7-2C4913102180}"
EndProject
Project("{FAE04EC0-301F-11D3-BF4B-00C04F79EFBC}") = "5.3.22_drugi_kalkulator", "5.3.22_drugi_kalkulator\5.3.22_drugi_kalkulator.csproj", "{6CEFFD88-4C0C-4CEF-952C-D377AB171813}"
EndProject
Project("{2150E333-8FDC-42A3-9474-1A3956D46DE8}") = "6.1_Nizovi", "6.1_Nizovi", "{8358F00E-FDAB-438C-AAAD-A0911033C155}"
EndProject
Project("{FAE04EC0-301F-11D3-BF4B-00C04F79EFBC}") = "6.1.1_primjer", "6.1.1_primjer\6.1.1_primjer.csproj", "{368A9D12-EEB4-4DDF-B1ED-467B01F92C5B}"
EndProject
Project("{FAE04EC0-301F-11D3-BF4B-00C04F79EFBC}") = "6.2.1.1_primjer", "6.2.1.1_primjer\6.2.1.1_primjer.csproj", "{395035C0-5970-4711-AE4E-9A4E04CC90E4}"
EndProject
Project("{FAE04EC0-301F-11D3-BF4B-00C04F79EFBC}") = "6.1.2_zadatak_zbirka", "6.1.2_zadatak_zbirka\6.1.2_zadatak_zbirka.csproj", "{82E9BEA3-41DF-46CA-8E03-33AC1F48A708}"
EndProject
Project("{FAE04EC0-301F-11D3-BF4B-00C04F79EFBC}") = "6.2.2_primjer_exception", "6.2.2_primjer_exception\6.2.2_primjer_exception.csproj", "{D66C9B05-1446-4922-8B91-FA3B5CAB322A}"
EndProject
Project("{FAE04EC0-301F-11D3-BF4B-00C04F79EFBC}") = "6.2.3_generics", "6.2.3_generics\6.2.3_generics.csproj", "{8B727080-4D8D-4D86-9F6B-24E424F832E5}"
EndProject
Project("{FAE04EC0-301F-11D3-BF4B-00C04F79EFBC}") = "6.2.2_zbirka_generics_par_nepar", "6.2.2_zbirka_generics_par_nepar\6.2.2_zbirka_generics_par_nepar.csproj", "{5D3DC4FA-5DC9-4A15-9E1F-708FC2B9F747}"
EndProject
Project("{FAE04EC0-301F-11D3-BF4B-00C04F79EFBC}") = "6.2.3_zbirka_Sort", "6.2.3_zbirka_Sort\6.2.3_zbirka_Sort.csproj", "{7284ED24-E830-4E4C-A2DF-766850CBEAB4}"
EndProject
Project("{FAE04EC0-301F-11D3-BF4B-00C04F79EFBC}") = "6.2.4_zbirka_znamenke", "6.2.4_zbirka_znamenke\6.2.4_zbirka_znamenke.csproj", "{CB079F47-9053-45A0-BCCA-E342B19E7276}"
EndProject
Project("{FAE04EC0-301F-11D3-BF4B-00C04F79EFBC}") = "6.2.4_sa_reverse", "6.2.4_sa_reverse\6.2.4_sa_reverse.csproj", "{32EFA1C5-30E4-41D1-AC1E-FACF7310E030}"
EndProject
Project("{FAE04EC0-301F-11D3-BF4B-00C04F79EFBC}") = "6.2.5_prosti_faktori", "6.2.5_prosti_faktori\6.2.5_prosti_faktori.csproj", "{B7B90348-791C-435F-9A73-9926F5B9BDE7}"
EndProject
Project("{2150E333-8FDC-42A3-9474-1A3956D46DE8}") = "7.1_Procedure", "7.1_Procedure", "{510E546B-65BC-4429-B381-8909F80071F6}"
EndProject
Project("{FAE04EC0-301F-11D3-BF4B-00C04F79EFBC}") = "7.2_potprogrami_funkcija", "7.2_potprogrami\7.2_potprogrami_funkcija.csproj", "{BDF06A44-FFF0-47B4-8AE0-493B8B0303C6}"
EndProject
Project("{FAE04EC0-301F-11D3-BF4B-00C04F79EFBC}") = "7.2.2_primjer_prirucnik", "7.2.2_primjer_prirucnik\7.2.2_primjer_prirucnik.csproj", "{3C045C0A-4809-4865-9161-0DEE470D2FC0}"
EndProject
Global
	GlobalSection(SolutionConfigurationPlatforms) = preSolution
		Debug|Any CPU = Debug|Any CPU
		Release|Any CPU = Release|Any CPU
	EndGlobalSection
	GlobalSection(ProjectConfigurationPlatforms) = postSolution
		{31F30331-D9D7-4529-9C4C-B096F2654F21}.Debug|Any CPU.ActiveCfg = Debug|Any CPU
		{31F30331-D9D7-4529-9C4C-B096F2654F21}.Debug|Any CPU.Build.0 = Debug|Any CPU
		{31F30331-D9D7-4529-9C4C-B096F2654F21}.Release|Any CPU.ActiveCfg = Release|Any CPU
		{31F30331-D9D7-4529-9C4C-B096F2654F21}.Release|Any CPU.Build.0 = Release|Any CPU
		{16DC916F-8D5B-491A-9732-C87EBABA0DB7}.Debug|Any CPU.ActiveCfg = Debug|Any CPU
		{16DC916F-8D5B-491A-9732-C87EBABA0DB7}.Debug|Any CPU.Build.0 = Debug|Any CPU
		{16DC916F-8D5B-491A-9732-C87EBABA0DB7}.Release|Any CPU.ActiveCfg = Release|Any CPU
		{16DC916F-8D5B-491A-9732-C87EBABA0DB7}.Release|Any CPU.Build.0 = Release|Any CPU
		{A5578C90-030A-4546-BC38-D35F8B6A10AA}.Debug|Any CPU.ActiveCfg = Debug|Any CPU
		{A5578C90-030A-4546-BC38-D35F8B6A10AA}.Debug|Any CPU.Build.0 = Debug|Any CPU
		{A5578C90-030A-4546-BC38-D35F8B6A10AA}.Release|Any CPU.ActiveCfg = Release|Any CPU
		{A5578C90-030A-4546-BC38-D35F8B6A10AA}.Release|Any CPU.Build.0 = Release|Any CPU
		{FCC34C2A-27C6-4172-B677-DDAC7C73139A}.Debug|Any CPU.ActiveCfg = Debug|Any CPU
		{FCC34C2A-27C6-4172-B677-DDAC7C73139A}.Debug|Any CPU.Build.0 = Debug|Any CPU
		{FCC34C2A-27C6-4172-B677-DDAC7C73139A}.Release|Any CPU.ActiveCfg = Release|Any CPU
		{FCC34C2A-27C6-4172-B677-DDAC7C73139A}.Release|Any CPU.Build.0 = Release|Any CPU
		{40126194-2D84-4257-8C31-1330623C0157}.Debug|Any CPU.ActiveCfg = Debug|Any CPU
		{40126194-2D84-4257-8C31-1330623C0157}.Debug|Any CPU.Build.0 = Debug|Any CPU
		{40126194-2D84-4257-8C31-1330623C0157}.Release|Any CPU.ActiveCfg = Release|Any CPU
		{40126194-2D84-4257-8C31-1330623C0157}.Release|Any CPU.Build.0 = Release|Any CPU
		{F0D62BEC-9073-47F3-8AD1-23B6D9634345}.Debug|Any CPU.ActiveCfg = Debug|Any CPU
		{F0D62BEC-9073-47F3-8AD1-23B6D9634345}.Debug|Any CPU.Build.0 = Debug|Any CPU
		{F0D62BEC-9073-47F3-8AD1-23B6D9634345}.Release|Any CPU.ActiveCfg = Release|Any CPU
		{F0D62BEC-9073-47F3-8AD1-23B6D9634345}.Release|Any CPU.Build.0 = Release|Any CPU
		{C6506E57-CDB6-441B-A8C2-2C0D707B875A}.Debug|Any CPU.ActiveCfg = Debug|Any CPU
		{C6506E57-CDB6-441B-A8C2-2C0D707B875A}.Debug|Any CPU.Build.0 = Debug|Any CPU
		{C6506E57-CDB6-441B-A8C2-2C0D707B875A}.Release|Any CPU.ActiveCfg = Release|Any CPU
		{C6506E57-CDB6-441B-A8C2-2C0D707B875A}.Release|Any CPU.Build.0 = Release|Any CPU
		{7137DA15-4DFA-4A19-B239-FE7FA6513E28}.Debug|Any CPU.ActiveCfg = Debug|Any CPU
		{7137DA15-4DFA-4A19-B239-FE7FA6513E28}.Debug|Any CPU.Build.0 = Debug|Any CPU
		{7137DA15-4DFA-4A19-B239-FE7FA6513E28}.Release|Any CPU.ActiveCfg = Release|Any CPU
		{7137DA15-4DFA-4A19-B239-FE7FA6513E28}.Release|Any CPU.Build.0 = Release|Any CPU
		{35560A68-72FD-49B1-A166-8CFFC2D78E0B}.Debug|Any CPU.ActiveCfg = Debug|Any CPU
		{35560A68-72FD-49B1-A166-8CFFC2D78E0B}.Debug|Any CPU.Build.0 = Debug|Any CPU
		{35560A68-72FD-49B1-A166-8CFFC2D78E0B}.Release|Any CPU.ActiveCfg = Release|Any CPU
		{35560A68-72FD-49B1-A166-8CFFC2D78E0B}.Release|Any CPU.Build.0 = Release|Any CPU
		{635DF3BC-FA2A-4693-8D3E-9FC8CDAC1EA3}.Debug|Any CPU.ActiveCfg = Debug|Any CPU
		{635DF3BC-FA2A-4693-8D3E-9FC8CDAC1EA3}.Debug|Any CPU.Build.0 = Debug|Any CPU
		{635DF3BC-FA2A-4693-8D3E-9FC8CDAC1EA3}.Release|Any CPU.ActiveCfg = Release|Any CPU
		{635DF3BC-FA2A-4693-8D3E-9FC8CDAC1EA3}.Release|Any CPU.Build.0 = Release|Any CPU
		{B2AE0E19-85DF-4295-8E74-DF803AF1E703}.Debug|Any CPU.ActiveCfg = Debug|Any CPU
		{B2AE0E19-85DF-4295-8E74-DF803AF1E703}.Debug|Any CPU.Build.0 = Debug|Any CPU
		{B2AE0E19-85DF-4295-8E74-DF803AF1E703}.Release|Any CPU.ActiveCfg = Release|Any CPU
		{B2AE0E19-85DF-4295-8E74-DF803AF1E703}.Release|Any CPU.Build.0 = Release|Any CPU
		{F9846825-C869-4FA2-9B1C-44133B514952}.Debug|Any CPU.ActiveCfg = Debug|Any CPU
		{F9846825-C869-4FA2-9B1C-44133B514952}.Debug|Any CPU.Build.0 = Debug|Any CPU
		{F9846825-C869-4FA2-9B1C-44133B514952}.Release|Any CPU.ActiveCfg = Release|Any CPU
		{F9846825-C869-4FA2-9B1C-44133B514952}.Release|Any CPU.Build.0 = Release|Any CPU
		{F9A97511-C365-4813-A171-4AA392E5606C}.Debug|Any CPU.ActiveCfg = Debug|Any CPU
		{F9A97511-C365-4813-A171-4AA392E5606C}.Debug|Any CPU.Build.0 = Debug|Any CPU
		{F9A97511-C365-4813-A171-4AA392E5606C}.Release|Any CPU.ActiveCfg = Release|Any CPU
		{F9A97511-C365-4813-A171-4AA392E5606C}.Release|Any CPU.Build.0 = Release|Any CPU
		{54DCEC88-DB07-44F8-8FC7-CE6B8289D515}.Debug|Any CPU.ActiveCfg = Debug|Any CPU
		{54DCEC88-DB07-44F8-8FC7-CE6B8289D515}.Debug|Any CPU.Build.0 = Debug|Any CPU
		{54DCEC88-DB07-44F8-8FC7-CE6B8289D515}.Release|Any CPU.ActiveCfg = Release|Any CPU
		{54DCEC88-DB07-44F8-8FC7-CE6B8289D515}.Release|Any CPU.Build.0 = Release|Any CPU
		{9F3BB79E-F6E3-4F5F-AE54-A00F4323ED7A}.Debug|Any CPU.ActiveCfg = Debug|Any CPU
		{9F3BB79E-F6E3-4F5F-AE54-A00F4323ED7A}.Debug|Any CPU.Build.0 = Debug|Any CPU
		{9F3BB79E-F6E3-4F5F-AE54-A00F4323ED7A}.Release|Any CPU.ActiveCfg = Release|Any CPU
		{9F3BB79E-F6E3-4F5F-AE54-A00F4323ED7A}.Release|Any CPU.Build.0 = Release|Any CPU
		{BCBBFF15-010A-4A13-9A4B-E2B1DD371A9E}.Debug|Any CPU.ActiveCfg = Debug|Any CPU
		{BCBBFF15-010A-4A13-9A4B-E2B1DD371A9E}.Debug|Any CPU.Build.0 = Debug|Any CPU
		{BCBBFF15-010A-4A13-9A4B-E2B1DD371A9E}.Release|Any CPU.ActiveCfg = Release|Any CPU
		{BCBBFF15-010A-4A13-9A4B-E2B1DD371A9E}.Release|Any CPU.Build.0 = Release|Any CPU
		{75BA128D-EB7C-405B-8AE5-7114D36CAE19}.Debug|Any CPU.ActiveCfg = Debug|Any CPU
		{75BA128D-EB7C-405B-8AE5-7114D36CAE19}.Debug|Any CPU.Build.0 = Debug|Any CPU
		{75BA128D-EB7C-405B-8AE5-7114D36CAE19}.Release|Any CPU.ActiveCfg = Release|Any CPU
		{75BA128D-EB7C-405B-8AE5-7114D36CAE19}.Release|Any CPU.Build.0 = Release|Any CPU
		{F389D4A7-9205-4661-AF56-4206D8B56360}.Debug|Any CPU.ActiveCfg = Debug|Any CPU
		{F389D4A7-9205-4661-AF56-4206D8B56360}.Debug|Any CPU.Build.0 = Debug|Any CPU
		{F389D4A7-9205-4661-AF56-4206D8B56360}.Release|Any CPU.ActiveCfg = Release|Any CPU
		{F389D4A7-9205-4661-AF56-4206D8B56360}.Release|Any CPU.Build.0 = Release|Any CPU
		{8BA8AB22-37D5-4D86-9DB8-FB115441BE6A}.Debug|Any CPU.ActiveCfg = Debug|Any CPU
		{8BA8AB22-37D5-4D86-9DB8-FB115441BE6A}.Debug|Any CPU.Build.0 = Debug|Any CPU
		{8BA8AB22-37D5-4D86-9DB8-FB115441BE6A}.Release|Any CPU.ActiveCfg = Release|Any CPU
		{8BA8AB22-37D5-4D86-9DB8-FB115441BE6A}.Release|Any CPU.Build.0 = Release|Any CPU
		{89C77115-7B56-40CE-80C3-89929EEF9472}.Debug|Any CPU.ActiveCfg = Debug|Any CPU
		{89C77115-7B56-40CE-80C3-89929EEF9472}.Debug|Any CPU.Build.0 = Debug|Any CPU
		{89C77115-7B56-40CE-80C3-89929EEF9472}.Release|Any CPU.ActiveCfg = Release|Any CPU
		{89C77115-7B56-40CE-80C3-89929EEF9472}.Release|Any CPU.Build.0 = Release|Any CPU
		{433C3199-315A-4AF0-9F9D-D777204F5A1A}.Debug|Any CPU.ActiveCfg = Debug|Any CPU
		{433C3199-315A-4AF0-9F9D-D777204F5A1A}.Debug|Any CPU.Build.0 = Debug|Any CPU
		{433C3199-315A-4AF0-9F9D-D777204F5A1A}.Release|Any CPU.ActiveCfg = Release|Any CPU
		{433C3199-315A-4AF0-9F9D-D777204F5A1A}.Release|Any CPU.Build.0 = Release|Any CPU
		{9034F77B-1407-47D5-99F6-B485A8DD9C86}.Debug|Any CPU.ActiveCfg = Debug|Any CPU
		{9034F77B-1407-47D5-99F6-B485A8DD9C86}.Debug|Any CPU.Build.0 = Debug|Any CPU
		{9034F77B-1407-47D5-99F6-B485A8DD9C86}.Release|Any CPU.ActiveCfg = Release|Any CPU
		{9034F77B-1407-47D5-99F6-B485A8DD9C86}.Release|Any CPU.Build.0 = Release|Any CPU
		{F39CB966-6361-4C4A-83B1-99A28DF1454A}.Debug|Any CPU.ActiveCfg = Debug|Any CPU
		{F39CB966-6361-4C4A-83B1-99A28DF1454A}.Debug|Any CPU.Build.0 = Debug|Any CPU
		{F39CB966-6361-4C4A-83B1-99A28DF1454A}.Release|Any CPU.ActiveCfg = Release|Any CPU
		{F39CB966-6361-4C4A-83B1-99A28DF1454A}.Release|Any CPU.Build.0 = Release|Any CPU
		{F9BF279C-4005-4AE2-8438-2FE9EBEB9B5C}.Debug|Any CPU.ActiveCfg = Debug|Any CPU
		{F9BF279C-4005-4AE2-8438-2FE9EBEB9B5C}.Debug|Any CPU.Build.0 = Debug|Any CPU
		{F9BF279C-4005-4AE2-8438-2FE9EBEB9B5C}.Release|Any CPU.ActiveCfg = Release|Any CPU
		{F9BF279C-4005-4AE2-8438-2FE9EBEB9B5C}.Release|Any CPU.Build.0 = Release|Any CPU
		{514BE679-9BA4-46A3-9704-92C1289B2660}.Debug|Any CPU.ActiveCfg = Debug|Any CPU
		{514BE679-9BA4-46A3-9704-92C1289B2660}.Debug|Any CPU.Build.0 = Debug|Any CPU
		{514BE679-9BA4-46A3-9704-92C1289B2660}.Release|Any CPU.ActiveCfg = Release|Any CPU
		{514BE679-9BA4-46A3-9704-92C1289B2660}.Release|Any CPU.Build.0 = Release|Any CPU
		{CD2672BC-FCFC-4A79-BCA6-E94B1818F636}.Debug|Any CPU.ActiveCfg = Debug|Any CPU
		{CD2672BC-FCFC-4A79-BCA6-E94B1818F636}.Debug|Any CPU.Build.0 = Debug|Any CPU
		{CD2672BC-FCFC-4A79-BCA6-E94B1818F636}.Release|Any CPU.ActiveCfg = Release|Any CPU
		{CD2672BC-FCFC-4A79-BCA6-E94B1818F636}.Release|Any CPU.Build.0 = Release|Any CPU
		{B67544FE-0CCE-4F18-ACF3-4F89880C742C}.Debug|Any CPU.ActiveCfg = Debug|Any CPU
		{B67544FE-0CCE-4F18-ACF3-4F89880C742C}.Debug|Any CPU.Build.0 = Debug|Any CPU
		{B67544FE-0CCE-4F18-ACF3-4F89880C742C}.Release|Any CPU.ActiveCfg = Release|Any CPU
		{B67544FE-0CCE-4F18-ACF3-4F89880C742C}.Release|Any CPU.Build.0 = Release|Any CPU
		{2016843B-FDC6-458D-A585-020A29542BA7}.Debug|Any CPU.ActiveCfg = Debug|Any CPU
		{2016843B-FDC6-458D-A585-020A29542BA7}.Debug|Any CPU.Build.0 = Debug|Any CPU
		{2016843B-FDC6-458D-A585-020A29542BA7}.Release|Any CPU.ActiveCfg = Release|Any CPU
		{2016843B-FDC6-458D-A585-020A29542BA7}.Release|Any CPU.Build.0 = Release|Any CPU
		{DE0C6396-1817-4224-9F0B-921877895A02}.Debug|Any CPU.ActiveCfg = Debug|Any CPU
		{DE0C6396-1817-4224-9F0B-921877895A02}.Debug|Any CPU.Build.0 = Debug|Any CPU
		{DE0C6396-1817-4224-9F0B-921877895A02}.Release|Any CPU.ActiveCfg = Release|Any CPU
		{DE0C6396-1817-4224-9F0B-921877895A02}.Release|Any CPU.Build.0 = Release|Any CPU
		{D2BF8E76-85C0-41E9-8C35-079179FE5F01}.Debug|Any CPU.ActiveCfg = Debug|Any CPU
		{D2BF8E76-85C0-41E9-8C35-079179FE5F01}.Debug|Any CPU.Build.0 = Debug|Any CPU
		{D2BF8E76-85C0-41E9-8C35-079179FE5F01}.Release|Any CPU.ActiveCfg = Release|Any CPU
		{D2BF8E76-85C0-41E9-8C35-079179FE5F01}.Release|Any CPU.Build.0 = Release|Any CPU
		{2A66FD81-B0A6-41F2-8072-B4544831D9A7}.Debug|Any CPU.ActiveCfg = Debug|Any CPU
		{2A66FD81-B0A6-41F2-8072-B4544831D9A7}.Debug|Any CPU.Build.0 = Debug|Any CPU
		{2A66FD81-B0A6-41F2-8072-B4544831D9A7}.Release|Any CPU.ActiveCfg = Release|Any CPU
		{2A66FD81-B0A6-41F2-8072-B4544831D9A7}.Release|Any CPU.Build.0 = Release|Any CPU
		{5456037E-51F2-4E11-8B10-29FE4068162E}.Debug|Any CPU.ActiveCfg = Debug|Any CPU
		{5456037E-51F2-4E11-8B10-29FE4068162E}.Debug|Any CPU.Build.0 = Debug|Any CPU
		{5456037E-51F2-4E11-8B10-29FE4068162E}.Release|Any CPU.ActiveCfg = Release|Any CPU
		{5456037E-51F2-4E11-8B10-29FE4068162E}.Release|Any CPU.Build.0 = Release|Any CPU
		{495FE724-C1BF-45FB-BFB9-86E6656701B2}.Debug|Any CPU.ActiveCfg = Debug|Any CPU
		{495FE724-C1BF-45FB-BFB9-86E6656701B2}.Debug|Any CPU.Build.0 = Debug|Any CPU
		{495FE724-C1BF-45FB-BFB9-86E6656701B2}.Release|Any CPU.ActiveCfg = Release|Any CPU
		{495FE724-C1BF-45FB-BFB9-86E6656701B2}.Release|Any CPU.Build.0 = Release|Any CPU
		{A21BEB65-8D08-424A-A5A3-4F257C3E8C2E}.Debug|Any CPU.ActiveCfg = Debug|Any CPU
		{A21BEB65-8D08-424A-A5A3-4F257C3E8C2E}.Debug|Any CPU.Build.0 = Debug|Any CPU
		{A21BEB65-8D08-424A-A5A3-4F257C3E8C2E}.Release|Any CPU.ActiveCfg = Release|Any CPU
		{A21BEB65-8D08-424A-A5A3-4F257C3E8C2E}.Release|Any CPU.Build.0 = Release|Any CPU
		{65965560-DDBD-44C8-9B1D-D6750A19D74F}.Debug|Any CPU.ActiveCfg = Debug|Any CPU
		{65965560-DDBD-44C8-9B1D-D6750A19D74F}.Debug|Any CPU.Build.0 = Debug|Any CPU
		{65965560-DDBD-44C8-9B1D-D6750A19D74F}.Release|Any CPU.ActiveCfg = Release|Any CPU
		{65965560-DDBD-44C8-9B1D-D6750A19D74F}.Release|Any CPU.Build.0 = Release|Any CPU
		{36B7106E-03A6-4D74-84E0-1CEC2BE912D8}.Debug|Any CPU.ActiveCfg = Debug|Any CPU
		{36B7106E-03A6-4D74-84E0-1CEC2BE912D8}.Debug|Any CPU.Build.0 = Debug|Any CPU
		{36B7106E-03A6-4D74-84E0-1CEC2BE912D8}.Release|Any CPU.ActiveCfg = Release|Any CPU
		{36B7106E-03A6-4D74-84E0-1CEC2BE912D8}.Release|Any CPU.Build.0 = Release|Any CPU
		{45837E62-C9AC-4FF8-A378-0AD902D61E57}.Debug|Any CPU.ActiveCfg = Debug|Any CPU
		{45837E62-C9AC-4FF8-A378-0AD902D61E57}.Debug|Any CPU.Build.0 = Debug|Any CPU
		{45837E62-C9AC-4FF8-A378-0AD902D61E57}.Release|Any CPU.ActiveCfg = Release|Any CPU
		{45837E62-C9AC-4FF8-A378-0AD902D61E57}.Release|Any CPU.Build.0 = Release|Any CPU
		{595868FD-5A38-4E19-9A5D-9AC957BF00B4}.Debug|Any CPU.ActiveCfg = Debug|Any CPU
		{595868FD-5A38-4E19-9A5D-9AC957BF00B4}.Debug|Any CPU.Build.0 = Debug|Any CPU
		{595868FD-5A38-4E19-9A5D-9AC957BF00B4}.Release|Any CPU.ActiveCfg = Release|Any CPU
		{595868FD-5A38-4E19-9A5D-9AC957BF00B4}.Release|Any CPU.Build.0 = Release|Any CPU
		{9A267F47-0EAE-4B75-8700-56CF4C51AB09}.Debug|Any CPU.ActiveCfg = Debug|Any CPU
		{9A267F47-0EAE-4B75-8700-56CF4C51AB09}.Debug|Any CPU.Build.0 = Debug|Any CPU
		{9A267F47-0EAE-4B75-8700-56CF4C51AB09}.Release|Any CPU.ActiveCfg = Release|Any CPU
		{9A267F47-0EAE-4B75-8700-56CF4C51AB09}.Release|Any CPU.Build.0 = Release|Any CPU
		{88768B66-DEA2-4D3B-9B98-1BB56A22679D}.Debug|Any CPU.ActiveCfg = Debug|Any CPU
		{88768B66-DEA2-4D3B-9B98-1BB56A22679D}.Debug|Any CPU.Build.0 = Debug|Any CPU
		{88768B66-DEA2-4D3B-9B98-1BB56A22679D}.Release|Any CPU.ActiveCfg = Release|Any CPU
		{88768B66-DEA2-4D3B-9B98-1BB56A22679D}.Release|Any CPU.Build.0 = Release|Any CPU
		{38522803-DBC1-4BC7-B703-BCBD4B04591A}.Debug|Any CPU.ActiveCfg = Debug|Any CPU
		{38522803-DBC1-4BC7-B703-BCBD4B04591A}.Debug|Any CPU.Build.0 = Debug|Any CPU
		{38522803-DBC1-4BC7-B703-BCBD4B04591A}.Release|Any CPU.ActiveCfg = Release|Any CPU
		{38522803-DBC1-4BC7-B703-BCBD4B04591A}.Release|Any CPU.Build.0 = Release|Any CPU
		{76CFB205-F326-4B91-8254-D4D7FBC4F398}.Debug|Any CPU.ActiveCfg = Debug|Any CPU
		{76CFB205-F326-4B91-8254-D4D7FBC4F398}.Debug|Any CPU.Build.0 = Debug|Any CPU
		{76CFB205-F326-4B91-8254-D4D7FBC4F398}.Release|Any CPU.ActiveCfg = Release|Any CPU
		{76CFB205-F326-4B91-8254-D4D7FBC4F398}.Release|Any CPU.Build.0 = Release|Any CPU
		{09E58963-1D86-4705-AEB7-2C4913102180}.Debug|Any CPU.ActiveCfg = Debug|Any CPU
		{09E58963-1D86-4705-AEB7-2C4913102180}.Debug|Any CPU.Build.0 = Debug|Any CPU
		{09E58963-1D86-4705-AEB7-2C4913102180}.Release|Any CPU.ActiveCfg = Release|Any CPU
		{09E58963-1D86-4705-AEB7-2C4913102180}.Release|Any CPU.Build.0 = Release|Any CPU
		{6CEFFD88-4C0C-4CEF-952C-D377AB171813}.Debug|Any CPU.ActiveCfg = Debug|Any CPU
		{6CEFFD88-4C0C-4CEF-952C-D377AB171813}.Debug|Any CPU.Build.0 = Debug|Any CPU
		{6CEFFD88-4C0C-4CEF-952C-D377AB171813}.Release|Any CPU.ActiveCfg = Release|Any CPU
		{6CEFFD88-4C0C-4CEF-952C-D377AB171813}.Release|Any CPU.Build.0 = Release|Any CPU
		{368A9D12-EEB4-4DDF-B1ED-467B01F92C5B}.Debug|Any CPU.ActiveCfg = Debug|Any CPU
		{368A9D12-EEB4-4DDF-B1ED-467B01F92C5B}.Debug|Any CPU.Build.0 = Debug|Any CPU
		{368A9D12-EEB4-4DDF-B1ED-467B01F92C5B}.Release|Any CPU.ActiveCfg = Release|Any CPU
		{368A9D12-EEB4-4DDF-B1ED-467B01F92C5B}.Release|Any CPU.Build.0 = Release|Any CPU
		{395035C0-5970-4711-AE4E-9A4E04CC90E4}.Debug|Any CPU.ActiveCfg = Debug|Any CPU
		{395035C0-5970-4711-AE4E-9A4E04CC90E4}.Debug|Any CPU.Build.0 = Debug|Any CPU
		{395035C0-5970-4711-AE4E-9A4E04CC90E4}.Release|Any CPU.ActiveCfg = Release|Any CPU
		{395035C0-5970-4711-AE4E-9A4E04CC90E4}.Release|Any CPU.Build.0 = Release|Any CPU
		{82E9BEA3-41DF-46CA-8E03-33AC1F48A708}.Debug|Any CPU.ActiveCfg = Debug|Any CPU
		{82E9BEA3-41DF-46CA-8E03-33AC1F48A708}.Debug|Any CPU.Build.0 = Debug|Any CPU
		{82E9BEA3-41DF-46CA-8E03-33AC1F48A708}.Release|Any CPU.ActiveCfg = Release|Any CPU
		{82E9BEA3-41DF-46CA-8E03-33AC1F48A708}.Release|Any CPU.Build.0 = Release|Any CPU
		{D66C9B05-1446-4922-8B91-FA3B5CAB322A}.Debug|Any CPU.ActiveCfg = Debug|Any CPU
		{D66C9B05-1446-4922-8B91-FA3B5CAB322A}.Debug|Any CPU.Build.0 = Debug|Any CPU
		{D66C9B05-1446-4922-8B91-FA3B5CAB322A}.Release|Any CPU.ActiveCfg = Release|Any CPU
		{D66C9B05-1446-4922-8B91-FA3B5CAB322A}.Release|Any CPU.Build.0 = Release|Any CPU
		{8B727080-4D8D-4D86-9F6B-24E424F832E5}.Debug|Any CPU.ActiveCfg = Debug|Any CPU
		{8B727080-4D8D-4D86-9F6B-24E424F832E5}.Debug|Any CPU.Build.0 = Debug|Any CPU
		{8B727080-4D8D-4D86-9F6B-24E424F832E5}.Release|Any CPU.ActiveCfg = Release|Any CPU
		{8B727080-4D8D-4D86-9F6B-24E424F832E5}.Release|Any CPU.Build.0 = Release|Any CPU
		{5D3DC4FA-5DC9-4A15-9E1F-708FC2B9F747}.Debug|Any CPU.ActiveCfg = Debug|Any CPU
		{5D3DC4FA-5DC9-4A15-9E1F-708FC2B9F747}.Debug|Any CPU.Build.0 = Debug|Any CPU
		{5D3DC4FA-5DC9-4A15-9E1F-708FC2B9F747}.Release|Any CPU.ActiveCfg = Release|Any CPU
		{5D3DC4FA-5DC9-4A15-9E1F-708FC2B9F747}.Release|Any CPU.Build.0 = Release|Any CPU
		{7284ED24-E830-4E4C-A2DF-766850CBEAB4}.Debug|Any CPU.ActiveCfg = Debug|Any CPU
		{7284ED24-E830-4E4C-A2DF-766850CBEAB4}.Debug|Any CPU.Build.0 = Debug|Any CPU
		{7284ED24-E830-4E4C-A2DF-766850CBEAB4}.Release|Any CPU.ActiveCfg = Release|Any CPU
		{7284ED24-E830-4E4C-A2DF-766850CBEAB4}.Release|Any CPU.Build.0 = Release|Any CPU
		{CB079F47-9053-45A0-BCCA-E342B19E7276}.Debug|Any CPU.ActiveCfg = Debug|Any CPU
		{CB079F47-9053-45A0-BCCA-E342B19E7276}.Debug|Any CPU.Build.0 = Debug|Any CPU
		{CB079F47-9053-45A0-BCCA-E342B19E7276}.Release|Any CPU.ActiveCfg = Release|Any CPU
		{CB079F47-9053-45A0-BCCA-E342B19E7276}.Release|Any CPU.Build.0 = Release|Any CPU
		{32EFA1C5-30E4-41D1-AC1E-FACF7310E030}.Debug|Any CPU.ActiveCfg = Debug|Any CPU
		{32EFA1C5-30E4-41D1-AC1E-FACF7310E030}.Debug|Any CPU.Build.0 = Debug|Any CPU
		{32EFA1C5-30E4-41D1-AC1E-FACF7310E030}.Release|Any CPU.ActiveCfg = Release|Any CPU
		{32EFA1C5-30E4-41D1-AC1E-FACF7310E030}.Release|Any CPU.Build.0 = Release|Any CPU
		{B7B90348-791C-435F-9A73-9926F5B9BDE7}.Debug|Any CPU.ActiveCfg = Debug|Any CPU
		{B7B90348-791C-435F-9A73-9926F5B9BDE7}.Debug|Any CPU.Build.0 = Debug|Any CPU
		{B7B90348-791C-435F-9A73-9926F5B9BDE7}.Release|Any CPU.ActiveCfg = Release|Any CPU
		{B7B90348-791C-435F-9A73-9926F5B9BDE7}.Release|Any CPU.Build.0 = Release|Any CPU
		{BDF06A44-FFF0-47B4-8AE0-493B8B0303C6}.Debug|Any CPU.ActiveCfg = Debug|Any CPU
		{BDF06A44-FFF0-47B4-8AE0-493B8B0303C6}.Debug|Any CPU.Build.0 = Debug|Any CPU
		{BDF06A44-FFF0-47B4-8AE0-493B8B0303C6}.Release|Any CPU.ActiveCfg = Release|Any CPU
		{BDF06A44-FFF0-47B4-8AE0-493B8B0303C6}.Release|Any CPU.Build.0 = Release|Any CPU
		{3C045C0A-4809-4865-9161-0DEE470D2FC0}.Debug|Any CPU.ActiveCfg = Debug|Any CPU
		{3C045C0A-4809-4865-9161-0DEE470D2FC0}.Debug|Any CPU.Build.0 = Debug|Any CPU
		{3C045C0A-4809-4865-9161-0DEE470D2FC0}.Release|Any CPU.ActiveCfg = Release|Any CPU
		{3C045C0A-4809-4865-9161-0DEE470D2FC0}.Release|Any CPU.Build.0 = Release|Any CPU
	EndGlobalSection
	GlobalSection(SolutionProperties) = preSolution
		HideSolutionNode = FALSE
	EndGlobalSection
	GlobalSection(NestedProjects) = preSolution
		{A5578C90-030A-4546-BC38-D35F8B6A10AA} = {E1B23A10-0D0C-443B-ABEF-C286F1183DC7}
		{FCC34C2A-27C6-4172-B677-DDAC7C73139A} = {E1B23A10-0D0C-443B-ABEF-C286F1183DC7}
		{40126194-2D84-4257-8C31-1330623C0157} = {E1B23A10-0D0C-443B-ABEF-C286F1183DC7}
		{F0D62BEC-9073-47F3-8AD1-23B6D9634345} = {1B530489-3238-4513-BB74-6053605788FB}
		{5E72E68F-4BC2-4DBA-B701-49E17262E46B} = {1B530489-3238-4513-BB74-6053605788FB}
		{C6506E57-CDB6-441B-A8C2-2C0D707B875A} = {5E72E68F-4BC2-4DBA-B701-49E17262E46B}
		{7137DA15-4DFA-4A19-B239-FE7FA6513E28} = {5E72E68F-4BC2-4DBA-B701-49E17262E46B}
		{35560A68-72FD-49B1-A166-8CFFC2D78E0B} = {5E72E68F-4BC2-4DBA-B701-49E17262E46B}
		{635DF3BC-FA2A-4693-8D3E-9FC8CDAC1EA3} = {5E72E68F-4BC2-4DBA-B701-49E17262E46B}
		{A7F78673-7F4F-4CA5-80ED-AD2D379CCDB3} = {5E72E68F-4BC2-4DBA-B701-49E17262E46B}
		{B2AE0E19-85DF-4295-8E74-DF803AF1E703} = {A7F78673-7F4F-4CA5-80ED-AD2D379CCDB3}
		{C2EBE789-1A27-4CAD-81C0-7A0C27294FAF} = {5E72E68F-4BC2-4DBA-B701-49E17262E46B}
		{F9846825-C869-4FA2-9B1C-44133B514952} = {C2EBE789-1A27-4CAD-81C0-7A0C27294FAF}
		{491F847D-2BA6-4B72-B989-6990D6120843} = {5E72E68F-4BC2-4DBA-B701-49E17262E46B}
		{F9A97511-C365-4813-A171-4AA392E5606C} = {491F847D-2BA6-4B72-B989-6990D6120843}
		{3FAC7B04-7FDF-48D3-9FFC-4DBACD27DA57} = {5E72E68F-4BC2-4DBA-B701-49E17262E46B}
		{54DCEC88-DB07-44F8-8FC7-CE6B8289D515} = {3FAC7B04-7FDF-48D3-9FFC-4DBACD27DA57}
		{5F2A1AA7-5A1D-4E02-8445-576DDC56CBF3} = {5E72E68F-4BC2-4DBA-B701-49E17262E46B}
		{9F3BB79E-F6E3-4F5F-AE54-A00F4323ED7A} = {5F2A1AA7-5A1D-4E02-8445-576DDC56CBF3}
		{3F756223-CE05-4793-9F5E-784729974204} = {5E72E68F-4BC2-4DBA-B701-49E17262E46B}
		{BCBBFF15-010A-4A13-9A4B-E2B1DD371A9E} = {3F756223-CE05-4793-9F5E-784729974204}
		{CEFACCDE-80F6-4517-A10F-E523CBA83BB2} = {5E72E68F-4BC2-4DBA-B701-49E17262E46B}
		{75BA128D-EB7C-405B-8AE5-7114D36CAE19} = {CEFACCDE-80F6-4517-A10F-E523CBA83BB2}
		{A6D464A9-A5E9-4D9A-842F-DC18B9FDB1B3} = {5E72E68F-4BC2-4DBA-B701-49E17262E46B}
		{F389D4A7-9205-4661-AF56-4206D8B56360} = {A6D464A9-A5E9-4D9A-842F-DC18B9FDB1B3}
		{01301B3B-2D8A-4B10-AC01-75DA675FE5EB} = {5E72E68F-4BC2-4DBA-B701-49E17262E46B}
		{8BA8AB22-37D5-4D86-9DB8-FB115441BE6A} = {01301B3B-2D8A-4B10-AC01-75DA675FE5EB}
		{D38764FE-12F6-4035-8579-DF9B3E3F4D83} = {5E72E68F-4BC2-4DBA-B701-49E17262E46B}
		{89C77115-7B56-40CE-80C3-89929EEF9472} = {D38764FE-12F6-4035-8579-DF9B3E3F4D83}
		{4A257C26-144A-4D7D-A305-0B4CC84C4E49} = {1B530489-3238-4513-BB74-6053605788FB}
		{433C3199-315A-4AF0-9F9D-D777204F5A1A} = {4A257C26-144A-4D7D-A305-0B4CC84C4E49}
		{BF4E5197-93EF-4883-9379-35D17894D0B7} = {4A257C26-144A-4D7D-A305-0B4CC84C4E49}
		{9034F77B-1407-47D5-99F6-B485A8DD9C86} = {BF4E5197-93EF-4883-9379-35D17894D0B7}
		{A7883B80-0771-44A4-9025-8DCC3B855238} = {4A257C26-144A-4D7D-A305-0B4CC84C4E49}
		{F39CB966-6361-4C4A-83B1-99A28DF1454A} = {A7883B80-0771-44A4-9025-8DCC3B855238}
		{5463EB23-D70D-4C1F-BF2B-FE09EBD16817} = {4A257C26-144A-4D7D-A305-0B4CC84C4E49}
		{F9BF279C-4005-4AE2-8438-2FE9EBEB9B5C} = {5463EB23-D70D-4C1F-BF2B-FE09EBD16817}
		{15043EA4-7108-4F54-AF7D-BCFDF4E8B111} = {4A257C26-144A-4D7D-A305-0B4CC84C4E49}
		{514BE679-9BA4-46A3-9704-92C1289B2660} = {15043EA4-7108-4F54-AF7D-BCFDF4E8B111}
		{CD2672BC-FCFC-4A79-BCA6-E94B1818F636} = {15043EA4-7108-4F54-AF7D-BCFDF4E8B111}
		{B67544FE-0CCE-4F18-ACF3-4F89880C742C} = {4A257C26-144A-4D7D-A305-0B4CC84C4E49}
		{2016843B-FDC6-458D-A585-020A29542BA7} = {4A257C26-144A-4D7D-A305-0B4CC84C4E49}
		{DE0C6396-1817-4224-9F0B-921877895A02} = {4A257C26-144A-4D7D-A305-0B4CC84C4E49}
		{D2BF8E76-85C0-41E9-8C35-079179FE5F01} = {4A257C26-144A-4D7D-A305-0B4CC84C4E49}
		{2A66FD81-B0A6-41F2-8072-B4544831D9A7} = {4A257C26-144A-4D7D-A305-0B4CC84C4E49}
		{5456037E-51F2-4E11-8B10-29FE4068162E} = {4A257C26-144A-4D7D-A305-0B4CC84C4E49}
		{495FE724-C1BF-45FB-BFB9-86E6656701B2} = {4A257C26-144A-4D7D-A305-0B4CC84C4E49}
		{A21BEB65-8D08-424A-A5A3-4F257C3E8C2E} = {4A257C26-144A-4D7D-A305-0B4CC84C4E49}
		{65965560-DDBD-44C8-9B1D-D6750A19D74F} = {4A257C26-144A-4D7D-A305-0B4CC84C4E49}
		{36B7106E-03A6-4D74-84E0-1CEC2BE912D8} = {4A257C26-144A-4D7D-A305-0B4CC84C4E49}
		{2F411532-6E0B-47A8-B75F-FFD0A81C7340} = {4A257C26-144A-4D7D-A305-0B4CC84C4E49}
		{45837E62-C9AC-4FF8-A378-0AD902D61E57} = {2F411532-6E0B-47A8-B75F-FFD0A81C7340}
		{595868FD-5A38-4E19-9A5D-9AC957BF00B4} = {2F411532-6E0B-47A8-B75F-FFD0A81C7340}
		{9A267F47-0EAE-4B75-8700-56CF4C51AB09} = {2F411532-6E0B-47A8-B75F-FFD0A81C7340}
		{88768B66-DEA2-4D3B-9B98-1BB56A22679D} = {2F411532-6E0B-47A8-B75F-FFD0A81C7340}
		{38522803-DBC1-4BC7-B703-BCBD4B04591A} = {2F411532-6E0B-47A8-B75F-FFD0A81C7340}
		{76CFB205-F326-4B91-8254-D4D7FBC4F398} = {2F411532-6E0B-47A8-B75F-FFD0A81C7340}
		{09E58963-1D86-4705-AEB7-2C4913102180} = {2F411532-6E0B-47A8-B75F-FFD0A81C7340}
		{6CEFFD88-4C0C-4CEF-952C-D377AB171813} = {2F411532-6E0B-47A8-B75F-FFD0A81C7340}
		{368A9D12-EEB4-4DDF-B1ED-467B01F92C5B} = {8358F00E-FDAB-438C-AAAD-A0911033C155}
		{395035C0-5970-4711-AE4E-9A4E04CC90E4} = {8358F00E-FDAB-438C-AAAD-A0911033C155}
		{82E9BEA3-41DF-46CA-8E03-33AC1F48A708} = {8358F00E-FDAB-438C-AAAD-A0911033C155}
		{D66C9B05-1446-4922-8B91-FA3B5CAB322A} = {8358F00E-FDAB-438C-AAAD-A0911033C155}
		{8B727080-4D8D-4D86-9F6B-24E424F832E5} = {8358F00E-FDAB-438C-AAAD-A0911033C155}
		{5D3DC4FA-5DC9-4A15-9E1F-708FC2B9F747} = {8358F00E-FDAB-438C-AAAD-A0911033C155}
		{7284ED24-E830-4E4C-A2DF-766850CBEAB4} = {8358F00E-FDAB-438C-AAAD-A0911033C155}
		{CB079F47-9053-45A0-BCCA-E342B19E7276} = {8358F00E-FDAB-438C-AAAD-A0911033C155}
		{32EFA1C5-30E4-41D1-AC1E-FACF7310E030} = {8358F00E-FDAB-438C-AAAD-A0911033C155}
		{B7B90348-791C-435F-9A73-9926F5B9BDE7} = {8358F00E-FDAB-438C-AAAD-A0911033C155}
		{BDF06A44-FFF0-47B4-8AE0-493B8B0303C6} = {510E546B-65BC-4429-B381-8909F80071F6}
		{3C045C0A-4809-4865-9161-0DEE470D2FC0} = {510E546B-65BC-4429-B381-8909F80071F6}
	EndGlobalSection
	GlobalSection(ExtensibilityGlobals) = postSolution
		SolutionGuid = {B163E5F9-5CF0-4F99-B1B3-40667FD4A95F}
	EndGlobalSection
EndGlobal
